{
  "name": "ggwp",
  "version": "1.0.0",
  "lockfileVersion": 2,
  "requires": true,
  "packages": {
    "": {
      "name": "ggwp",
      "version": "1.0.0",
      "dependencies": {
        "picmo": "^5.8.5"
      }
    },
    "node_modules/emojibase": {
      "version": "6.1.0",
      "resolved": "https://registry.npmjs.org/emojibase/-/emojibase-6.1.0.tgz",
      "integrity": "sha512-1GkKJPXP6tVkYJHOBSJHoGOr/6uaDxZ9xJ6H7m6PfdGXTmQgbALHLWaVRY4Gi/qf5x/gT/NUXLPuSHYLqtLtrQ==",
      "funding": {
        "type": "ko-fi",
        "url": "https://ko-fi.com/milesjohnson"
      }
    },
    "node_modules/picmo": {
      "version": "5.8.5",
      "resolved": "https://registry.npmjs.org/picmo/-/picmo-5.8.5.tgz",
      "integrity": "sha512-7I8jfuHALF9lkt3d+XCZGP+IwH7g91vYZv6XtRnJ99IDjnm92zel0L5DEo2FX0oaHUwRMBD/kn2knTZqwItudQ==",
      "dependencies": {
        "emojibase": "^6.1.0"
      },
      "funding": {
        "url": "https://github.com/sponsors/joeattardi"
      }
    }
  },
  "dependencies": {
    "emojibase": {
      "version": "6.1.0",
      "resolved": "https://registry.npmjs.org/emojibase/-/emojibase-6.1.0.tgz",
      "integrity": "sha512-1GkKJPXP6tVkYJHOBSJHoGOr/6uaDxZ9xJ6H7m6PfdGXTmQgbALHLWaVRY4Gi/qf5x/gT/NUXLPuSHYLqtLtrQ=="
    },
    "picmo": {
      "version": "5.8.5",
      "resolved": "https://registry.npmjs.org/picmo/-/picmo-5.8.5.tgz",
      "integrity": "sha512-7I8jfuHALF9lkt3d+XCZGP+IwH7g91vYZv6XtRnJ99IDjnm92zel0L5DEo2FX0oaHUwRMBD/kn2knTZqwItudQ==",
      "requires": {
        "emojibase": "^6.1.0"
      }
    }
  }
}
